
Microsoft Visual Studio Solution File, Format Version 12.00
# Visual Studio Version 16
VisualStudioVersion = 16.0.29609.76
MinimumVisualStudioVersion = 10.0.40219.1
Project("{FAE04EC0-301F-11D3-BF4B-00C04F79EFBC}") = "HelloCore", "HelloCore\HelloCore.csproj", "{FEA484C2-42B4-4100-BA7C-BCEF84F9BB45}"
EndProject
Global
	GlobalSection(SolutionConfigurationPlatforms) = preSolution
		Debug|Any CPU = Debug|Any CPU
		Release|Any CPU = Release|Any CPU
	EndGlobalSection
	GlobalSection(ProjectConfigurationPlatforms) = postSolution
		{FEA484C2-42B4-4100-BA7C-BCEF84F9BB45}.Debug|Any CPU.ActiveCfg = Debug|Any CPU
		{FEA484C2-42B4-4100-BA7C-BCEF84F9BB45}.Debug|Any CPU.Build.0 = Debug|Any CPU
		{FEA484C2-42B4-4100-BA7C-BCEF84F9BB45}.Release|Any CPU.ActiveCfg = Release|Any CPU
		{FEA484C2-42B4-4100-BA7C-BCEF84F9BB45}.Release|Any CPU.Build.0 = Release|Any CPU
	EndGlobalSection
	GlobalSection(SolutionProperties) = preSolution
		HideSolutionNode = FALSE
	EndGlobalSection
	GlobalSection(ExtensibilityGlobals) = postSolution
		SolutionGuid = {494E9F25-713B-4DCD-96B4-732B6590E9BF}
	EndGlobalSection
EndGlobal
