
Microsoft Visual Studio Solution File, Format Version 12.00
# Visual Studio Version 16
VisualStudioVersion = 16.0.29609.76
MinimumVisualStudioVersion = 10.0.40219.1
Project("{9A19103F-16F7-4668-BE54-9A1E7A4F7556}") = "HelloCore", "HelloCore\HelloCore.csproj", "{FEA484C2-42B4-4100-BA7C-BCEF84F9BB45}"
EndProject
Project("{FAE04EC0-301F-11D3-BF4B-00C04F79EFBC}") = "MesokantoDocumentation", "MesokantoDocumentation\MesokantoDocumentation.csproj", "{B378AC49-D354-4D6A-8F22-2C2E28239796}"
EndProject
Project("{FAE04EC0-301F-11D3-BF4B-00C04F79EFBC}") = "HelloCoreDal", "HelloCoreDal\HelloCoreDal.csproj", "{3B213470-8E65-4591-9EB9-0FF3B5431C87}"
EndProject
Project("{FAE04EC0-301F-11D3-BF4B-00C04F79EFBC}") = "HelloCoreCommons", "HelloCoreCommons\HelloCoreCommons.csproj", "{694EFB8F-75B7-4F8A-B306-0070DD9DF048}"
EndProject
Global
	GlobalSection(SolutionConfigurationPlatforms) = preSolution
		Debug|Any CPU = Debug|Any CPU
		Debug|x86 = Debug|x86
		Release|Any CPU = Release|Any CPU
		Release|x86 = Release|x86
	EndGlobalSection
	GlobalSection(ProjectConfigurationPlatforms) = postSolution
		{FEA484C2-42B4-4100-BA7C-BCEF84F9BB45}.Debug|Any CPU.ActiveCfg = Debug|Any CPU
		{FEA484C2-42B4-4100-BA7C-BCEF84F9BB45}.Debug|Any CPU.Build.0 = Debug|Any CPU
		{FEA484C2-42B4-4100-BA7C-BCEF84F9BB45}.Debug|x86.ActiveCfg = Debug|Any CPU
		{FEA484C2-42B4-4100-BA7C-BCEF84F9BB45}.Debug|x86.Build.0 = Debug|Any CPU
		{FEA484C2-42B4-4100-BA7C-BCEF84F9BB45}.Release|Any CPU.ActiveCfg = Release|Any CPU
		{FEA484C2-42B4-4100-BA7C-BCEF84F9BB45}.Release|Any CPU.Build.0 = Release|Any CPU
		{FEA484C2-42B4-4100-BA7C-BCEF84F9BB45}.Release|x86.ActiveCfg = Release|Any CPU
		{FEA484C2-42B4-4100-BA7C-BCEF84F9BB45}.Release|x86.Build.0 = Release|Any CPU
		{B378AC49-D354-4D6A-8F22-2C2E28239796}.Debug|Any CPU.ActiveCfg = Debug|x86
		{B378AC49-D354-4D6A-8F22-2C2E28239796}.Debug|x86.ActiveCfg = Debug|x86
		{B378AC49-D354-4D6A-8F22-2C2E28239796}.Debug|x86.Build.0 = Debug|x86
		{B378AC49-D354-4D6A-8F22-2C2E28239796}.Release|Any CPU.ActiveCfg = Debug|x86
		{B378AC49-D354-4D6A-8F22-2C2E28239796}.Release|Any CPU.Build.0 = Debug|x86
		{B378AC49-D354-4D6A-8F22-2C2E28239796}.Release|x86.ActiveCfg = Debug|x86
		{B378AC49-D354-4D6A-8F22-2C2E28239796}.Release|x86.Build.0 = Debug|x86
		{3B213470-8E65-4591-9EB9-0FF3B5431C87}.Debug|Any CPU.ActiveCfg = Debug|Any CPU
		{3B213470-8E65-4591-9EB9-0FF3B5431C87}.Debug|Any CPU.Build.0 = Debug|Any CPU
		{3B213470-8E65-4591-9EB9-0FF3B5431C87}.Debug|x86.ActiveCfg = Debug|Any CPU
		{3B213470-8E65-4591-9EB9-0FF3B5431C87}.Debug|x86.Build.0 = Debug|Any CPU
		{3B213470-8E65-4591-9EB9-0FF3B5431C87}.Release|Any CPU.ActiveCfg = Release|Any CPU
		{3B213470-8E65-4591-9EB9-0FF3B5431C87}.Release|Any CPU.Build.0 = Release|Any CPU
		{3B213470-8E65-4591-9EB9-0FF3B5431C87}.Release|x86.ActiveCfg = Release|Any CPU
		{3B213470-8E65-4591-9EB9-0FF3B5431C87}.Release|x86.Build.0 = Release|Any CPU
		{694EFB8F-75B7-4F8A-B306-0070DD9DF048}.Debug|Any CPU.ActiveCfg = Debug|Any CPU
		{694EFB8F-75B7-4F8A-B306-0070DD9DF048}.Debug|Any CPU.Build.0 = Debug|Any CPU
		{694EFB8F-75B7-4F8A-B306-0070DD9DF048}.Debug|x86.ActiveCfg = Debug|Any CPU
		{694EFB8F-75B7-4F8A-B306-0070DD9DF048}.Debug|x86.Build.0 = Debug|Any CPU
		{694EFB8F-75B7-4F8A-B306-0070DD9DF048}.Release|Any CPU.ActiveCfg = Release|Any CPU
		{694EFB8F-75B7-4F8A-B306-0070DD9DF048}.Release|Any CPU.Build.0 = Release|Any CPU
		{694EFB8F-75B7-4F8A-B306-0070DD9DF048}.Release|x86.ActiveCfg = Release|Any CPU
		{694EFB8F-75B7-4F8A-B306-0070DD9DF048}.Release|x86.Build.0 = Release|Any CPU
	EndGlobalSection
	GlobalSection(SolutionProperties) = preSolution
		HideSolutionNode = FALSE
	EndGlobalSection
	GlobalSection(ExtensibilityGlobals) = postSolution
		SolutionGuid = {494E9F25-713B-4DCD-96B4-732B6590E9BF}
	EndGlobalSection
EndGlobal
